
Microsoft Visual Studio Solution File, Format Version 12.00
# Visual Studio Version 17
VisualStudioVersion = 17.1.32414.318
MinimumVisualStudioVersion = 10.0.40219.1
Project("{FAE04EC0-301F-11D3-BF4B-00C04F79EFBC}") = "MTech_Test1", "MTech_Test1.csproj", "{A78CF728-2662-45F7-BB57-74C014A15266}"
EndProject
Global
	GlobalSection(SolutionConfigurationPlatforms) = preSolution
		Debug|Any CPU = Debug|Any CPU
		Release|Any CPU = Release|Any CPU
	EndGlobalSection
	GlobalSection(ProjectConfigurationPlatforms) = postSolution
		{A78CF728-2662-45F7-BB57-74C014A15266}.Debug|Any CPU.ActiveCfg = Debug|Any CPU
		{A78CF728-2662-45F7-BB57-74C014A15266}.Debug|Any CPU.Build.0 = Debug|Any CPU
		{A78CF728-2662-45F7-BB57-74C014A15266}.Release|Any CPU.ActiveCfg = Release|Any CPU
		{A78CF728-2662-45F7-BB57-74C014A15266}.Release|Any CPU.Build.0 = Release|Any CPU
	EndGlobalSection
	GlobalSection(SolutionProperties) = preSolution
		HideSolutionNode = FALSE
	EndGlobalSection
	GlobalSection(ExtensibilityGlobals) = postSolution
		SolutionGuid = {0A6FF97D-BCC8-4172-8AFF-5A3A8662DCF8}
	EndGlobalSection
EndGlobal
